
Microsoft Visual Studio Solution File, Format Version 11.00
# Visual Studio 2010
Project("{8BC9CEB8-8B4A-11D0-8D11-00A0C91BC942}") = "maxdll", "maxdll\maxdll.vcxproj", "{9FF7ECE8-097A-470B-8D82-7A6444625FD6}"
EndProject
Project("{8BC9CEB8-8B4A-11D0-8D11-00A0C91BC942}") = "dll_test", "dll_test\dll_test.vcxproj", "{83B90748-C342-4C7D-BC75-DE3C17B92851}"
	ProjectSection(ProjectDependencies) = postProject
		{9FF7ECE8-097A-470B-8D82-7A6444625FD6} = {9FF7ECE8-097A-470B-8D82-7A6444625FD6}
	EndProjectSection
EndProject
Project("{8BC9CEB8-8B4A-11D0-8D11-00A0C91BC942}") = "matrix_reader", "matrix_reader\matrix_reader.vcxproj", "{4A3E69E6-390F-4456-A30A-79C6E199EE6B}"
EndProject
Project("{8BC9CEB8-8B4A-11D0-8D11-00A0C91BC942}") = "string", "string\string.vcxproj", "{79FC3FE8-C293-47DA-9B27-0B274C345BC8}"
EndProject
Project("{8BC9CEB8-8B4A-11D0-8D11-00A0C91BC942}") = "stock", "stock\stock.vcxproj", "{7F36C145-3E44-4F1D-970E-31E045B6F446}"
EndProject
Global
	GlobalSection(SolutionConfigurationPlatforms) = preSolution
		Debug|Win32 = Debug|Win32
		Release|Win32 = Release|Win32
	EndGlobalSection
	GlobalSection(ProjectConfigurationPlatforms) = postSolution
		{9FF7ECE8-097A-470B-8D82-7A6444625FD6}.Debug|Win32.ActiveCfg = Debug|Win32
		{9FF7ECE8-097A-470B-8D82-7A6444625FD6}.Debug|Win32.Build.0 = Debug|Win32
		{9FF7ECE8-097A-470B-8D82-7A6444625FD6}.Release|Win32.ActiveCfg = Release|Win32
		{9FF7ECE8-097A-470B-8D82-7A6444625FD6}.Release|Win32.Build.0 = Release|Win32
		{83B90748-C342-4C7D-BC75-DE3C17B92851}.Debug|Win32.ActiveCfg = Debug|Win32
		{83B90748-C342-4C7D-BC75-DE3C17B92851}.Debug|Win32.Build.0 = Debug|Win32
		{83B90748-C342-4C7D-BC75-DE3C17B92851}.Release|Win32.ActiveCfg = Release|Win32
		{83B90748-C342-4C7D-BC75-DE3C17B92851}.Release|Win32.Build.0 = Release|Win32
		{4A3E69E6-390F-4456-A30A-79C6E199EE6B}.Debug|Win32.ActiveCfg = Debug|Win32
		{4A3E69E6-390F-4456-A30A-79C6E199EE6B}.Debug|Win32.Build.0 = Debug|Win32
		{4A3E69E6-390F-4456-A30A-79C6E199EE6B}.Release|Win32.ActiveCfg = Release|Win32
		{4A3E69E6-390F-4456-A30A-79C6E199EE6B}.Release|Win32.Build.0 = Release|Win32
		{79FC3FE8-C293-47DA-9B27-0B274C345BC8}.Debug|Win32.ActiveCfg = Debug|Win32
		{79FC3FE8-C293-47DA-9B27-0B274C345BC8}.Debug|Win32.Build.0 = Debug|Win32
		{79FC3FE8-C293-47DA-9B27-0B274C345BC8}.Release|Win32.ActiveCfg = Release|Win32
		{79FC3FE8-C293-47DA-9B27-0B274C345BC8}.Release|Win32.Build.0 = Release|Win32
		{7F36C145-3E44-4F1D-970E-31E045B6F446}.Debug|Win32.ActiveCfg = Debug|Win32
		{7F36C145-3E44-4F1D-970E-31E045B6F446}.Debug|Win32.Build.0 = Debug|Win32
		{7F36C145-3E44-4F1D-970E-31E045B6F446}.Release|Win32.ActiveCfg = Release|Win32
		{7F36C145-3E44-4F1D-970E-31E045B6F446}.Release|Win32.Build.0 = Release|Win32
	EndGlobalSection
	GlobalSection(SolutionProperties) = preSolution
		HideSolutionNode = FALSE
	EndGlobalSection
EndGlobal
