
Microsoft Visual Studio Solution File, Format Version 11.00
# Visual Studio 2010
Project("{8BC9CEB8-8B4A-11D0-8D11-00A0C91BC942}") = "maxdll", "maxdll\maxdll.vcxproj", "{9FF7ECE8-097A-470B-8D82-7A6444625FD6}"
EndProject
Project("{8BC9CEB8-8B4A-11D0-8D11-00A0C91BC942}") = "dll_test", "dll_test\dll_test.vcxproj", "{83B90748-C342-4C7D-BC75-DE3C17B92851}"
	ProjectSection(ProjectDependencies) = postProject
		{9FF7ECE8-097A-470B-8D82-7A6444625FD6} = {9FF7ECE8-097A-470B-8D82-7A6444625FD6}
	EndProjectSection
EndProject
Project("{8BC9CEB8-8B4A-11D0-8D11-00A0C91BC942}") = "matrix_reader", "matrix_reader\matrix_reader.vcxproj", "{4A3E69E6-390F-4456-A30A-79C6E199EE6B}"
EndProject
Project("{8BC9CEB8-8B4A-11D0-8D11-00A0C91BC942}") = "string", "string\string.vcxproj", "{79FC3FE8-C293-47DA-9B27-0B274C345BC8}"
EndProject
Project("{8BC9CEB8-8B4A-11D0-8D11-00A0C91BC942}") = "stock", "stock\stock.vcxproj", "{7F36C145-3E44-4F1D-970E-31E045B6F446}"
EndProject
Project("{8BC9CEB8-8B4A-11D0-8D11-00A0C91BC942}") = "TwoSum", "TwoSum\TwoSum.vcxproj", "{23CACCB8-D4F4-4A6A-8C90-E8A49112E660}"
EndProject
Project("{8BC9CEB8-8B4A-11D0-8D11-00A0C91BC942}") = "pointer", "pointer\pointer.vcxproj", "{41CFD6B8-D65D-4BE1-B9CD-6FA7247E6FCB}"
EndProject
Project("{8BC9CEB8-8B4A-11D0-8D11-00A0C91BC942}") = "mytime", "mytime\mytime.vcxproj", "{CE6169FE-53B8-429B-9DDC-9F95D744000C}"
EndProject
Project("{8BC9CEB8-8B4A-11D0-8D11-00A0C91BC942}") = "matrix", "matrix\matrix.vcxproj", "{7EECC583-5349-43A7-A5C5-E164391F18C7}"
EndProject
Project("{8BC9CEB8-8B4A-11D0-8D11-00A0C91BC942}") = "ZigZag_conversion", "ZigZag_conversion\ZigZag_conversion.vcxproj", "{C886D8B4-1194-4FB2-A429-D2F6BCD13A50}"
EndProject
Project("{8BC9CEB8-8B4A-11D0-8D11-00A0C91BC942}") = "seven", "seven\seven.vcxproj", "{FCA1A8BF-B6D4-4393-9FEE-8B76C8E271FB}"
EndProject
Project("{8BC9CEB8-8B4A-11D0-8D11-00A0C91BC942}") = "seven_1", "seven_1\seven_1.vcxproj", "{48F6142E-1DD0-478F-AD67-657D9758E8AD}"
EndProject
Project("{8BC9CEB8-8B4A-11D0-8D11-00A0C91BC942}") = "seven_2", "seven_2\seven_2.vcxproj", "{3DDD7FB1-FC56-4F83-B250-0479AA022368}"
EndProject
Project("{8BC9CEB8-8B4A-11D0-8D11-00A0C91BC942}") = "seven_3", "seven_3\seven_3.vcxproj", "{C3ECE447-3234-4D73-8D7D-415D24557EC5}"
EndProject
Project("{8BC9CEB8-8B4A-11D0-8D11-00A0C91BC942}") = "seven_4", "seven_4\seven_4.vcxproj", "{6A4698E8-B4BA-4868-8CCF-2F591ABFBF08}"
EndProject
Project("{8BC9CEB8-8B4A-11D0-8D11-00A0C91BC942}") = "seven_5", "seven_5\seven_5.vcxproj", "{9CE1FEBC-1605-4DB1-A8E6-14002E3C5332}"
EndProject
Project("{8BC9CEB8-8B4A-11D0-8D11-00A0C91BC942}") = "seven_6", "seven_6\seven_6.vcxproj", "{BE432110-4D91-45A2-9374-5DF6207FA828}"
EndProject
Project("{8BC9CEB8-8B4A-11D0-8D11-00A0C91BC942}") = "seven_7", "seven_7\seven_7.vcxproj", "{DA66486B-6963-4E11-9989-F85D99C45B95}"
EndProject
Project("{8BC9CEB8-8B4A-11D0-8D11-00A0C91BC942}") = "seven_8", "seven_8\seven_8.vcxproj", "{F683CF41-8033-4E23-A018-F0F618E639D4}"
EndProject
Project("{8BC9CEB8-8B4A-11D0-8D11-00A0C91BC942}") = "seven_9", "seven_9\seven_9.vcxproj", "{98A314A8-76C8-4FBC-9279-E66CACC428AD}"
EndProject
Project("{8BC9CEB8-8B4A-11D0-8D11-00A0C91BC942}") = "seven_10", "seven_10\seven_10.vcxproj", "{F1A484C6-E048-46D0-80E3-39DA35ED3DED}"
EndProject
Project("{8BC9CEB8-8B4A-11D0-8D11-00A0C91BC942}") = "Reverse", "Reverse\Reverse.vcxproj", "{DB6F133C-4A94-40BD-ABD6-EA89509EF520}"
EndProject
Global
	GlobalSection(SolutionConfigurationPlatforms) = preSolution
		Debug|Win32 = Debug|Win32
		Release|Win32 = Release|Win32
	EndGlobalSection
	GlobalSection(ProjectConfigurationPlatforms) = postSolution
		{9FF7ECE8-097A-470B-8D82-7A6444625FD6}.Debug|Win32.ActiveCfg = Debug|Win32
		{9FF7ECE8-097A-470B-8D82-7A6444625FD6}.Debug|Win32.Build.0 = Debug|Win32
		{9FF7ECE8-097A-470B-8D82-7A6444625FD6}.Release|Win32.ActiveCfg = Release|Win32
		{9FF7ECE8-097A-470B-8D82-7A6444625FD6}.Release|Win32.Build.0 = Release|Win32
		{83B90748-C342-4C7D-BC75-DE3C17B92851}.Debug|Win32.ActiveCfg = Debug|Win32
		{83B90748-C342-4C7D-BC75-DE3C17B92851}.Debug|Win32.Build.0 = Debug|Win32
		{83B90748-C342-4C7D-BC75-DE3C17B92851}.Release|Win32.ActiveCfg = Release|Win32
		{83B90748-C342-4C7D-BC75-DE3C17B92851}.Release|Win32.Build.0 = Release|Win32
		{4A3E69E6-390F-4456-A30A-79C6E199EE6B}.Debug|Win32.ActiveCfg = Debug|Win32
		{4A3E69E6-390F-4456-A30A-79C6E199EE6B}.Debug|Win32.Build.0 = Debug|Win32
		{4A3E69E6-390F-4456-A30A-79C6E199EE6B}.Release|Win32.ActiveCfg = Release|Win32
		{4A3E69E6-390F-4456-A30A-79C6E199EE6B}.Release|Win32.Build.0 = Release|Win32
		{79FC3FE8-C293-47DA-9B27-0B274C345BC8}.Debug|Win32.ActiveCfg = Debug|Win32
		{79FC3FE8-C293-47DA-9B27-0B274C345BC8}.Debug|Win32.Build.0 = Debug|Win32
		{79FC3FE8-C293-47DA-9B27-0B274C345BC8}.Release|Win32.ActiveCfg = Release|Win32
		{79FC3FE8-C293-47DA-9B27-0B274C345BC8}.Release|Win32.Build.0 = Release|Win32
		{7F36C145-3E44-4F1D-970E-31E045B6F446}.Debug|Win32.ActiveCfg = Debug|Win32
		{7F36C145-3E44-4F1D-970E-31E045B6F446}.Debug|Win32.Build.0 = Debug|Win32
		{7F36C145-3E44-4F1D-970E-31E045B6F446}.Release|Win32.ActiveCfg = Release|Win32
		{7F36C145-3E44-4F1D-970E-31E045B6F446}.Release|Win32.Build.0 = Release|Win32
		{23CACCB8-D4F4-4A6A-8C90-E8A49112E660}.Debug|Win32.ActiveCfg = Debug|Win32
		{23CACCB8-D4F4-4A6A-8C90-E8A49112E660}.Debug|Win32.Build.0 = Debug|Win32
		{23CACCB8-D4F4-4A6A-8C90-E8A49112E660}.Release|Win32.ActiveCfg = Release|Win32
		{23CACCB8-D4F4-4A6A-8C90-E8A49112E660}.Release|Win32.Build.0 = Release|Win32
		{41CFD6B8-D65D-4BE1-B9CD-6FA7247E6FCB}.Debug|Win32.ActiveCfg = Debug|Win32
		{41CFD6B8-D65D-4BE1-B9CD-6FA7247E6FCB}.Debug|Win32.Build.0 = Debug|Win32
		{41CFD6B8-D65D-4BE1-B9CD-6FA7247E6FCB}.Release|Win32.ActiveCfg = Release|Win32
		{41CFD6B8-D65D-4BE1-B9CD-6FA7247E6FCB}.Release|Win32.Build.0 = Release|Win32
		{CE6169FE-53B8-429B-9DDC-9F95D744000C}.Debug|Win32.ActiveCfg = Debug|Win32
		{CE6169FE-53B8-429B-9DDC-9F95D744000C}.Debug|Win32.Build.0 = Debug|Win32
		{CE6169FE-53B8-429B-9DDC-9F95D744000C}.Release|Win32.ActiveCfg = Release|Win32
		{CE6169FE-53B8-429B-9DDC-9F95D744000C}.Release|Win32.Build.0 = Release|Win32
		{7EECC583-5349-43A7-A5C5-E164391F18C7}.Debug|Win32.ActiveCfg = Debug|Win32
		{7EECC583-5349-43A7-A5C5-E164391F18C7}.Debug|Win32.Build.0 = Debug|Win32
		{7EECC583-5349-43A7-A5C5-E164391F18C7}.Release|Win32.ActiveCfg = Release|Win32
		{7EECC583-5349-43A7-A5C5-E164391F18C7}.Release|Win32.Build.0 = Release|Win32
		{C886D8B4-1194-4FB2-A429-D2F6BCD13A50}.Debug|Win32.ActiveCfg = Debug|Win32
		{C886D8B4-1194-4FB2-A429-D2F6BCD13A50}.Debug|Win32.Build.0 = Debug|Win32
		{C886D8B4-1194-4FB2-A429-D2F6BCD13A50}.Release|Win32.ActiveCfg = Release|Win32
		{C886D8B4-1194-4FB2-A429-D2F6BCD13A50}.Release|Win32.Build.0 = Release|Win32
		{FCA1A8BF-B6D4-4393-9FEE-8B76C8E271FB}.Debug|Win32.ActiveCfg = Debug|Win32
		{FCA1A8BF-B6D4-4393-9FEE-8B76C8E271FB}.Debug|Win32.Build.0 = Debug|Win32
		{FCA1A8BF-B6D4-4393-9FEE-8B76C8E271FB}.Release|Win32.ActiveCfg = Release|Win32
		{FCA1A8BF-B6D4-4393-9FEE-8B76C8E271FB}.Release|Win32.Build.0 = Release|Win32
		{48F6142E-1DD0-478F-AD67-657D9758E8AD}.Debug|Win32.ActiveCfg = Debug|Win32
		{48F6142E-1DD0-478F-AD67-657D9758E8AD}.Debug|Win32.Build.0 = Debug|Win32
		{48F6142E-1DD0-478F-AD67-657D9758E8AD}.Release|Win32.ActiveCfg = Release|Win32
		{48F6142E-1DD0-478F-AD67-657D9758E8AD}.Release|Win32.Build.0 = Release|Win32
		{3DDD7FB1-FC56-4F83-B250-0479AA022368}.Debug|Win32.ActiveCfg = Debug|Win32
		{3DDD7FB1-FC56-4F83-B250-0479AA022368}.Debug|Win32.Build.0 = Debug|Win32
		{3DDD7FB1-FC56-4F83-B250-0479AA022368}.Release|Win32.ActiveCfg = Release|Win32
		{3DDD7FB1-FC56-4F83-B250-0479AA022368}.Release|Win32.Build.0 = Release|Win32
		{C3ECE447-3234-4D73-8D7D-415D24557EC5}.Debug|Win32.ActiveCfg = Debug|Win32
		{C3ECE447-3234-4D73-8D7D-415D24557EC5}.Debug|Win32.Build.0 = Debug|Win32
		{C3ECE447-3234-4D73-8D7D-415D24557EC5}.Release|Win32.ActiveCfg = Release|Win32
		{C3ECE447-3234-4D73-8D7D-415D24557EC5}.Release|Win32.Build.0 = Release|Win32
		{6A4698E8-B4BA-4868-8CCF-2F591ABFBF08}.Debug|Win32.ActiveCfg = Debug|Win32
		{6A4698E8-B4BA-4868-8CCF-2F591ABFBF08}.Debug|Win32.Build.0 = Debug|Win32
		{6A4698E8-B4BA-4868-8CCF-2F591ABFBF08}.Release|Win32.ActiveCfg = Release|Win32
		{6A4698E8-B4BA-4868-8CCF-2F591ABFBF08}.Release|Win32.Build.0 = Release|Win32
		{9CE1FEBC-1605-4DB1-A8E6-14002E3C5332}.Debug|Win32.ActiveCfg = Debug|Win32
		{9CE1FEBC-1605-4DB1-A8E6-14002E3C5332}.Debug|Win32.Build.0 = Debug|Win32
		{9CE1FEBC-1605-4DB1-A8E6-14002E3C5332}.Release|Win32.ActiveCfg = Release|Win32
		{9CE1FEBC-1605-4DB1-A8E6-14002E3C5332}.Release|Win32.Build.0 = Release|Win32
		{BE432110-4D91-45A2-9374-5DF6207FA828}.Debug|Win32.ActiveCfg = Debug|Win32
		{BE432110-4D91-45A2-9374-5DF6207FA828}.Debug|Win32.Build.0 = Debug|Win32
		{BE432110-4D91-45A2-9374-5DF6207FA828}.Release|Win32.ActiveCfg = Release|Win32
		{BE432110-4D91-45A2-9374-5DF6207FA828}.Release|Win32.Build.0 = Release|Win32
		{DA66486B-6963-4E11-9989-F85D99C45B95}.Debug|Win32.ActiveCfg = Debug|Win32
		{DA66486B-6963-4E11-9989-F85D99C45B95}.Debug|Win32.Build.0 = Debug|Win32
		{DA66486B-6963-4E11-9989-F85D99C45B95}.Release|Win32.ActiveCfg = Release|Win32
		{DA66486B-6963-4E11-9989-F85D99C45B95}.Release|Win32.Build.0 = Release|Win32
		{F683CF41-8033-4E23-A018-F0F618E639D4}.Debug|Win32.ActiveCfg = Debug|Win32
		{F683CF41-8033-4E23-A018-F0F618E639D4}.Debug|Win32.Build.0 = Debug|Win32
		{F683CF41-8033-4E23-A018-F0F618E639D4}.Release|Win32.ActiveCfg = Release|Win32
		{F683CF41-8033-4E23-A018-F0F618E639D4}.Release|Win32.Build.0 = Release|Win32
		{98A314A8-76C8-4FBC-9279-E66CACC428AD}.Debug|Win32.ActiveCfg = Debug|Win32
		{98A314A8-76C8-4FBC-9279-E66CACC428AD}.Debug|Win32.Build.0 = Debug|Win32
		{98A314A8-76C8-4FBC-9279-E66CACC428AD}.Release|Win32.ActiveCfg = Release|Win32
		{98A314A8-76C8-4FBC-9279-E66CACC428AD}.Release|Win32.Build.0 = Release|Win32
		{F1A484C6-E048-46D0-80E3-39DA35ED3DED}.Debug|Win32.ActiveCfg = Debug|Win32
		{F1A484C6-E048-46D0-80E3-39DA35ED3DED}.Debug|Win32.Build.0 = Debug|Win32
		{F1A484C6-E048-46D0-80E3-39DA35ED3DED}.Release|Win32.ActiveCfg = Release|Win32
		{F1A484C6-E048-46D0-80E3-39DA35ED3DED}.Release|Win32.Build.0 = Release|Win32
		{DB6F133C-4A94-40BD-ABD6-EA89509EF520}.Debug|Win32.ActiveCfg = Debug|Win32
		{DB6F133C-4A94-40BD-ABD6-EA89509EF520}.Debug|Win32.Build.0 = Debug|Win32
		{DB6F133C-4A94-40BD-ABD6-EA89509EF520}.Release|Win32.ActiveCfg = Release|Win32
		{DB6F133C-4A94-40BD-ABD6-EA89509EF520}.Release|Win32.Build.0 = Release|Win32
	EndGlobalSection
	GlobalSection(SolutionProperties) = preSolution
		HideSolutionNode = FALSE
	EndGlobalSection
EndGlobal
